
Microsoft Visual Studio Solution File, Format Version 12.00
# Visual Studio Version 16
VisualStudioVersion = 16.0.29926.136
MinimumVisualStudioVersion = 10.0.40219.1
Project("{FAE04EC0-301F-11D3-BF4B-00C04F79EFBC}") = "Cw11", "Cw11\Cw11.csproj", "{A2A8B157-5CAF-4254-A5B2-85F60D453BBD}"
EndProject
Global
	GlobalSection(SolutionConfigurationPlatforms) = preSolution
		Debug|Any CPU = Debug|Any CPU
		Release|Any CPU = Release|Any CPU
	EndGlobalSection
	GlobalSection(ProjectConfigurationPlatforms) = postSolution
		{A2A8B157-5CAF-4254-A5B2-85F60D453BBD}.Debug|Any CPU.ActiveCfg = Debug|Any CPU
		{A2A8B157-5CAF-4254-A5B2-85F60D453BBD}.Debug|Any CPU.Build.0 = Debug|Any CPU
		{A2A8B157-5CAF-4254-A5B2-85F60D453BBD}.Release|Any CPU.ActiveCfg = Release|Any CPU
		{A2A8B157-5CAF-4254-A5B2-85F60D453BBD}.Release|Any CPU.Build.0 = Release|Any CPU
	EndGlobalSection
	GlobalSection(SolutionProperties) = preSolution
		HideSolutionNode = FALSE
	EndGlobalSection
	GlobalSection(ExtensibilityGlobals) = postSolution
		SolutionGuid = {6885A8BF-9313-47C8-BDD8-53AC1A80FF88}
	EndGlobalSection
EndGlobal
